version = 1
revision = 3
requires-python = "==3.14.*"

[[package]]
name = "alembic"
version = "1.20.0"
source = { registry = "https://pypi.org/simple" }
dependencies = [
    { name = "mako" },
    { name = "sqlalchemy" },
    { name = "typing-extensions" },
]
sdist = { url = "https://files.pythonhosted.org/packages/ed/aa/02910bdb8e2f1444f6654d5b296cd827d126f82209050ee7b1000f92ac4b/alembic-1.20.0.tar.gz", hash = "sha256:db505480647bc60386c5369402f4a57a506b7539c9e9ef5e270d45cbbe4939bf", size = 2093272, upload-time = "2026-09-11T19:09:11.126Z" }
wheels = [
    { url = "https://files.pythonhosted.org/packages/3f/27/78a89b55b0904d222183164e079b4ca56208e94eff1d35ad1f1ad5be9b06/alembic-1.20.0-py3-none-any.whl", hash = "sha256:77eb101048d95f982c0353e9233404889dcd7a6fc244c107836c0e2fc9cf7d9d", size = 268719, upload-time = "2026-09-11T19:09:12.88Z" },
]

[[package]]
name = "anyio"
version = "4.15.1"
source = { registry = "https://pypi.org/simple" }
dependencies = [
    { name = "idna" },
    { name = "typing-extensions" },
]
sdist = { url = "https://files.pythonhosted.org/packages/a9/d2/f4d173e22df740bc37b1db102b386ba719b66e95b0f0d751f556b387e6d2/anyio-4.15.1.tar.gz", hash = "sha256:9f28306018cbd6d329e64a36d58256edff76dd996fe423bc957326e578b82a94", size = 276966, upload-time = "2026-09-05T10:42:39.44Z" }
wheels = [
    { url = "https://files.pythonhosted.org/packages/12/b8/4bd346e22b28902df4d651910f5242c28d84e4a5c2435ca5c3f797ed7e2e/anyio-4.15.1-py3-none-any.whl", hash = "sha256:6152fdbbf9a77fdec97731721bebf7c4c44f7c29b424b0065826173efc7ed101", size = 132079, upload-time = "2026-09-05T10:42:37.923Z" },
]

[[package]]
name = "certifi"
version = "2026.7.22"
source = { registry = "https://pypi.org/simple" }
sdist = { url = "https://files.pythonhosted.org/packages/a3/c2/24167ea9858356b47a87a50d39908bfdb72ceeefe0041586e704e5376b3a/certifi-2026.7.22.tar.gz", hash = "sha256:741e2c3b351ddf169a738da9f2c048608ff7f2c5cc02f1ebc6b118bb090d5d55", size = 138112, upload-time = "2026-07-22T03:35:12.644Z" }
wheels = [
    { url = "https://files.pythonhosted.org/packages/0b/a7/71ac2cff56fec219ed242bb11b8efb69fcc4bec75db06fb7bfe35de520e6/certifi-2026.7.22-py3-none-any.whl", hash = "sha256:62f22742b58a1a33014a2b6b706588a8d7e2a88ae7bd1a6ebe8c992928483775", size = 136983, upload-time = "2026-07-22T03:35:11.276Z" },
]

[[package]]
name = "colorama"
version = "0.4.6"
source = { registry = "https://pypi.org/simple" }
sdist = { url = "https://files.pythonhosted.org/packages/d8/53/6f443c9a4a8358a93a6792e2acffb9d9d5cb0a5cfd8802644b7b1c9a02e4/colorama-0.4.6.tar.gz", hash = "sha256:08695f5cb7ed6e0531a20572697297273c47b8cae5a63ffc6d6ed5c201be6e44", size = 27697, upload-time = "2022-10-25T02:36:22.414Z" }
wheels = [
    { url = "https://files.pythonhosted.org/packages/d1/d6/3965ed04c63042e047cb6a3e6ed1a63a35087b6a609aa3a15ed8ac56c221/colorama-0.4.6-py2.py3-none-any.whl", hash = "sha256:4f1d9991f5acc0ca119f9d443620b77f9d6b33703e51011c16baf57afb285fc6", size = 25335, upload-time = "2022-10-25T02:36:20.889Z" },
]

[[package]]
name = "flet"
version = "1.0.1"
source = { registry = "https://pypi.org/simple" }
dependencies = [
    { name = "httpx", marker = "sys_platform != 'emscripten'" },
    { name = "msgpack" },
    { name = "oauthlib", marker = "sys_platform != 'emscripten'" },
    { name = "repath" },
]
sdist = { url = "https://files.pythonhosted.org/packages/5e/0f/ac7e2af03fd49dd28477a062f8022a362155a2608857c79d6a4272e4f4a3/flet-1.0.1.tar.gz", hash = "sha256:0c11ea010efbae34600556d964613324ea0ddc711bdac94d6592699b28dc0ba4", size = 571070, upload-time = "2026-09-22T20:24:47.549Z" }
wheels = [
    { url = "https://files.pythonhosted.org/packages/4e/86/6eaa2f957931ee03f9814838259d5df395295c7807673b9ea2a30f75f4c5/flet-1.0.1-py3-none-any.whl", hash = "sha256:94a15d75f587dc0b6a2479348f2e4b2bf40606469eb5a18dc62ab12a790f1ae2", size = 633955, upload-time = "2026-09-22T20:24:46.225Z" },
]

[[package]]
name = "h11"
version = "0.16.0"
source = { registry = "https://pypi.org/simple" }
sdist = { url = "https://files.pythonhosted.org/packages/01/ee/02a2c011bdab74c6fb3c75474d40b3052059d95df7e73351460c8588d963/h11-0.16.0.tar.gz", hash = "sha256:4e35b956cf45792e4caa5885e69fba00bdbc6ffafbfa020300e549b208ee5ff1", size = 101250, upload-time = "2025-04-24T03:35:25.427Z" }
wheels = [
    { url = "https://files.pythonhosted.org/packages/04/4b/29cac41a4d98d144bf5f6d33995617b185d14b22401f75ca86f384e87ff1/h11-0.16.0-py3-none-any.whl", hash = "sha256:63cf8bbe7522de3bf65932fda1d9c2772064ffb3dae62d55932da54b31cb6c86", size = 37515, upload-time = "2025-04-24T03:35:24.344Z" },
]

[[package]]
name = "httpcore"
version = "1.0.9"
source = { registry = "https://pypi.org/simple" }
dependencies = [
    { name = "certifi" },
    { name = "h11" },
]
sdist = { url = "https://files.pythonhosted.org/packages/06/94/82699a10bca87a5556c9c59b5963f2d039dbd239f25bc2a63907a05a14cb/httpcore-1.0.9.tar.gz", hash = "sha256:6e34463af53fd2ab5d807f399a9b45ea31c3dfa2276f15a2c3f00afff6e176e8", size = 85484, upload-time = "2025-04-24T22:06:22.219Z" }
wheels = [
    { url = "https://files.pythonhosted.org/packages/7e/f5/f66802a942d491edb555dd61e3a9961140fd64c90bce1eafd741609d334d/httpcore-1.0.9-py3-none-any.whl", hash = "sha256:2d400746a40668fc9dec9810239072b40b4484b640a8c38fd654a024c7a1bf55", size = 78784, upload-time = "2025-04-24T22:06:20.566Z" },
]

[[package]]
name = "httpx"
version = "0.28.1"
source = { registry = "https://pypi.org/simple" }
dependencies = [
    { name = "anyio" },
    { name = "certifi" },
    { name = "httpcore" },
    { name = "idna" },
]
sdist = { url = "https://files.pythonhosted.org/packages/b1/df/48c586a5fe32a0f01324ee087459e112ebb7224f646c0b5023f5e79e9956/httpx-0.28.1.tar.gz", hash = "sha256:75e98c5f16b0f35b567856f597f06ff2270a374470a5c2392242528e3e3e42fc", size = 141406, upload-time = "2024-12-06T15:37:23.222Z" }
wheels = [
    { url = "https://files.pythonhosted.org/packages/2a/39/e50c7c3a983047577ee07d2a9e53faf5a69493943ec3f6a384bdc792deb2/httpx-0.28.1-py3-none-any.whl", hash = "sha256:d909fcccc110f8c7faf814ca82a9a4d816bc5a6dbfea25d6591d6985b8ba59ad", size = 73517, upload-time = "2024-12-06T15:37:21.509Z" },
]

[[package]]
name = "idna"
version = "3.20"
source = { registry = "https://pypi.org/simple" }
sdist = { url = "https://files.pythonhosted.org/packages/f5/08/8eea9d4b8302028f3abb2c0813953f7aec26d33b7a8960ed760e65ff29fa/idna-3.20.tar.gz", hash = "sha256:a7db850025b95ded1eae8a46181a1a6c56c92c96f0e2b005d9ff8dc0210cab44", size = 216463, upload-time = "2026-09-17T14:11:04.752Z" }
wheels = [
    { url = "https://files.pythonhosted.org/packages/58/a2/bb081bab032533a855d44de1d56f8e8426114ff1ba5d1f07a438a0a654f8/idna-3.20-py3-none-any.whl", hash = "sha256:ab7ae7122974553370f0bdb919e1a960b2cd1bc1ef0276416d896db81c14582c", size = 69583, upload-time = "2026-09-17T14:11:03.168Z" },
]

[[package]]
name = "iniconfig"
version = "2.3.0"
source = { registry = "https://pypi.org/simple" }
sdist = { url = "https://files.pythonhosted.org/packages/72/34/14ca021ce8e5dfedc35312d08ba8bf51fdd999c576889fc2c24cb97f4f10/iniconfig-2.3.0.tar.gz", hash = "sha256:c76315c77db068650d49c5b56314774a7804df16fee4402c1f19d6d15d8c4730", size = 20503, upload-time = "2025-10-18T21:55:43.219Z" }
wheels = [
    { url = "https://files.pythonhosted.org/packages/cb/b1/3846dd7f199d53cb17f49cba7e651e9ce294d8497c8c150530ed11865bb8/iniconfig-2.3.0-py3-none-any.whl", hash = "sha256:f631c04d2c48c52b84d0d0549c99ff3859c98df65b3101406327ecc7d53fbf12", size = 7484, upload-time = "2025-10-18T21:55:41.639Z" },
]

[[package]]
name = "mako"
version = "1.4.3"
source = { registry = "https://pypi.org/simple" }
dependencies = [
    { name = "markupsafe" },
]
sdist = { url = "https://files.pythonhosted.org/packages/5a/09/e07c4b5579a79f4b16f8d4f29f6c54514ac787c4ad506b8c4f28a0e6b0bf/mako-1.4.3.tar.gz", hash = "sha256:cd6537fe88d5fec315c55c2f8529bc4ce7a9a352ad7db3eeaa6a66e2dd4ec37a", size = 412799, upload-time = "2026-09-22T20:54:31.509Z" }
wheels = [
    { url = "https://files.pythonhosted.org/packages/6d/a0/053d6af3e8f871e0073b4a36732d9e65be77a72e5434c31b94f6af78a6bb/mako-1.4.3-py3-none-any.whl", hash = "sha256:723296007c870bfd6b3f0c3230dba7198096e5269297ebf5e4eff9e7ffa39d4f", size = 80164, upload-time = "2026-09-22T20:54:33.128Z" },
]

[[package]]
name = "markupsafe"
version = "3.0.3"
source = { registry = "https://pypi.org/simple" }
sdist = { url = "https://files.pythonhosted.org/packages/7e/99/7690b6d4034fffd95959cbe0c02de8deb3098cc577c67bb6a24fe5d7caa7/markupsafe-3.0.3.tar.gz", hash = "sha256:722695808f4b6457b320fdc131280796bdceb04ab50fe1795cd540799ebe1698", size = 80313, upload-time = "2025-09-27T18:37:40.426Z" }
wheels = [
    { url = "https://files.pythonhosted.org/packages/33/8a/8e42d4838cd89b7dde187011e97fe6c3af66d8c044997d2183fbd6d31352/markupsafe-3.0.3-cp314-cp314-macosx_10_13_x86_64.whl", hash = "sha256:eaa9599de571d72e2daf60164784109f19978b327a3910d3e9de8c97b5b70cfe", size = 11619, upload-time = "2025-09-27T18:37:06.342Z" },
    { url = "https://files.pythonhosted.org/packages/b5/64/7660f8a4a8e53c924d0fa05dc3a55c9cee10bbd82b11c5afb27d44b096ce/markupsafe-3.0.3-cp314-cp314-macosx_11_0_arm64.whl", hash = "sha256:c47a551199eb8eb2121d4f0f15ae0f923d31350ab9280078d1e5f12b249e0026", size = 12029, upload-time = "2025-09-27T18:37:07.213Z" },
    { url = "https://files.pythonhosted.org/packages/da/ef/e648bfd021127bef5fa12e1720ffed0c6cbb8310c8d9bea7266337ff06de/markupsafe-3.0.3-cp314-cp314-manylinux2014_aarch64.manylinux_2_17_aarch64.manylinux_2_28_aarch64.whl", hash = "sha256:f34c41761022dd093b4b6896d4810782ffbabe30f2d443ff5f083e0cbbb8c737", size = 24408, upload-time = "2025-09-27T18:37:09.572Z" },
    { url = "https://files.pythonhosted.org/packages/41/3c/a36c2450754618e62008bf7435ccb0f88053e07592e6028a34776213d877/markupsafe-3.0.3-cp314-cp314-manylinux2014_x86_64.manylinux_2_17_x86_64.manylinux_2_28_x86_64.whl", hash = "sha256:457a69a9577064c05a97c41f4e65148652db078a3a509039e64d3467b9e7ef97", size = 23005, upload-time = "2025-09-27T18:37:10.58Z" },
    { url = "https://files.pythonhosted.org/packages/bc/20/b7fdf89a8456b099837cd1dc21974632a02a999ec9bf7ca3e490aacd98e7/markupsafe-3.0.3-cp314-cp314-manylinux_2_31_riscv64.manylinux_2_39_riscv64.whl", hash = "sha256:e8afc3f2ccfa24215f8cb28dcf43f0113ac3c37c2f0f0806d8c70e4228c5cf4d", size = 22048, upload-time = "2025-09-27T18:37:11.547Z" },
    { url = "https://files.pythonhosted.org/packages/9a/a7/591f592afdc734f47db08a75793a55d7fbcc6902a723ae4cfbab61010cc5/markupsafe-3.0.3-cp314-cp314-musllinux_1_2_aarch64.whl", hash = "sha256:ec15a59cf5af7be74194f7ab02d0f59a62bdcf1a537677ce67a2537c9b87fcda", size = 23821, upload-time = "2025-09-27T18:37:12.48Z" },
    { url = "https://files.pythonhosted.org/packages/7d/33/45b24e4f44195b26521bc6f1a82197118f74df348556594bd2262bda1038/markupsafe-3.0.3-cp314-cp314-musllinux_1_2_riscv64.whl", hash = "sha256:0eb9ff8191e8498cca014656ae6b8d61f39da5f95b488805da4bb029cccbfbaf", size = 21606, upload-time = "2025-09-27T18:37:13.485Z" },
    { url = "https://files.pythonhosted.org/packages/ff/0e/53dfaca23a69fbfbbf17a4b64072090e70717344c52eaaaa9c5ddff1e5f0/markupsafe-3.0.3-cp314-cp314-musllinux_1_2_x86_64.whl", hash = "sha256:2713baf880df847f2bece4230d4d094280f4e67b1e813eec43b4c0e144a34ffe", size = 23043, upload-time = "2025-09-27T18:37:14.408Z" },
    { url = "https://files.pythonhosted.org/packages/46/11/f333a06fc16236d5238bfe74daccbca41459dcd8d1fa952e8fbd5dccfb70/markupsafe-3.0.3-cp314-cp314-win32.whl", hash = "sha256:729586769a26dbceff69f7a7dbbf59ab6572b99d94576a5592625d5b411576b9", size = 14747, upload-time = "2025-09-27T18:37:15.36Z" },
    { url = "https://files.pythonhosted.org/packages/28/52/182836104b33b444e400b14f797212f720cbc9ed6ba34c800639d154e821/markupsafe-3.0.3-cp314-cp314-win_amd64.whl", hash = "sha256:bdc919ead48f234740ad807933cdf545180bfbe9342c2bb451556db2ed958581", size = 15341, upload-time = "2025-09-27T18:37:16.496Z" },
    { url = "https://files.pythonhosted.org/packages/6f/18/acf23e91bd94fd7b3031558b1f013adfa21a8e407a3fdb32745538730382/markupsafe-3.0.3-cp314-cp314-win_arm64.whl", hash = "sha256:5a7d5dc5140555cf21a6fefbdbf8723f06fcd2f63ef108f2854de715e4422cb4", size = 14073, upload-time = "2025-09-27T18:37:17.476Z" },
    { url = "https://files.pythonhosted.org/packages/3c/f0/57689aa4076e1b43b15fdfa646b04653969d50cf30c32a102762be2485da/markupsafe-3.0.3-cp314-cp314t-macosx_10_13_x86_64.whl", hash = "sha256:1353ef0c1b138e1907ae78e2f6c63ff67501122006b0f9abad68fda5f4ffc6ab", size = 11661, upload-time = "2025-09-27T18:37:18.453Z" },
    { url = "https://files.pythonhosted.org/packages/89/c3/2e67a7ca217c6912985ec766c6393b636fb0c2344443ff9d91404dc4c79f/markupsafe-3.0.3-cp314-cp314t-macosx_11_0_arm64.whl", hash = "sha256:1085e7fbddd3be5f89cc898938f42c0b3c711fdcb37d75221de2666af647c175", size = 12069, upload-time = "2025-09-27T18:37:19.332Z" },
    { url = "https://files.pythonhosted.org/packages/f0/00/be561dce4e6ca66b15276e184ce4b8aec61fe83662cce2f7d72bd3249d28/markupsafe-3.0.3-cp314-cp314t-manylinux2014_aarch64.manylinux_2_17_aarch64.manylinux_2_28_aarch64.whl", hash = "sha256:1b52b4fb9df4eb9ae465f8d0c228a00624de2334f216f178a995ccdcf82c4634", size = 25670, upload-time = "2025-09-27T18:37:20.245Z" },
    { url = "https://files.pythonhosted.org/packages/50/09/c419f6f5a92e5fadde27efd190eca90f05e1261b10dbd8cbcb39cd8ea1dc/markupsafe-3.0.3-cp314-cp314t-manylinux2014_x86_64.manylinux_2_17_x86_64.manylinux_2_28_x86_64.whl", hash = "sha256:fed51ac40f757d41b7c48425901843666a6677e3e8eb0abcff09e4ba6e664f50", size = 23598, upload-time = "2025-09-27T18:37:21.177Z" },
    { url = "https://files.pythonhosted.org/packages/22/44/a0681611106e0b2921b3033fc19bc53323e0b50bc70cffdd19f7d679bb66/markupsafe-3.0.3-cp314-cp314t-manylinux_2_31_riscv64.manylinux_2_39_riscv64.whl", hash = "sha256:f190daf01f13c72eac4efd5c430a8de82489d9cff23c364c3ea822545032993e", size = 23261, upload-time = "2025-09-27T18:37:22.167Z" },
    { url = "https://files.pythonhosted.org/packages/5f/57/1b0b3f100259dc9fffe780cfb60d4be71375510e435efec3d116b6436d43/markupsafe-3.0.3-cp314-cp314t-musllinux_1_2_aarch64.whl", hash = "sha256:e56b7d45a839a697b5eb268c82a71bd8c7f6c94d6fd50c3d577fa39a9f1409f5", size = 24835, upload-time = "2025-09-27T18:37:23.296Z" },
    { url = "https://files.pythonhosted.org/packages/26/6a/4bf6d0c97c4920f1597cc14dd720705eca0bf7c787aebc6bb4d1bead5388/markupsafe-3.0.3-cp314-cp314t-musllinux_1_2_riscv64.whl", hash = "sha256:f3e98bb3798ead92273dc0e5fd0f31ade220f59a266ffd8a4f6065e0a3ce0523", size = 22733, upload-time = "2025-09-27T18:37:24.237Z" },
    { url = "https://files.pythonhosted.org/packages/14/c7/ca723101509b518797fedc2fdf79ba57f886b4aca8a7d31857ba3ee8281f/markupsafe-3.0.3-cp314-cp314t-musllinux_1_2_x86_64.whl", hash = "sha256:5678211cb9333a6468fb8d8be0305520aa073f50d17f089b5b4b477ea6e67fdc", size = 23672, upload-time = "2025-09-27T18:37:25.271Z" },
    { url = "https://files.pythonhosted.org/packages/fb/df/5bd7a48c256faecd1d36edc13133e51397e41b73bb77e1a69deab746ebac/markupsafe-3.0.3-cp314-cp314t-win32.whl", hash = "sha256:915c04ba3851909ce68ccc2b8e2cd691618c4dc4c4232fb7982bca3f41fd8c3d", size = 14819, upload-time = "2025-09-27T18:37:26.285Z" },
    { url = "https://files.pythonhosted.org/packages/1a/8a/0402ba61a2f16038b48b39bccca271134be00c5c9f0f623208399333c448/markupsafe-3.0.3-cp314-cp314t-win_amd64.whl", hash = "sha256:4faffd047e07c38848ce017e8725090413cd80cbc23d86e55c587bf979e579c9", size = 15426, upload-time = "2025-09-27T18:37:27.316Z" },
    { url = "https://files.pythonhosted.org/packages/70/bc/6f1c2f612465f5fa89b95bead1f44dcb607670fd42891d8fdcd5d039f4f4/markupsafe-3.0.3-cp314-cp314t-win_arm64.whl", hash = "sha256:32001d6a8fc98c8cb5c947787c5d08b0a50663d139f1305bac5885d98d9b40fa", size = 14146, upload-time = "2025-09-27T18:37:28.327Z" },
]

[[package]]
name = "msgpack"
version = "1.2.2"
source = { registry = "https://pypi.org/simple" }
sdist = { url = "https://files.pythonhosted.org/packages/6d/44/ea2100ec54d30c46ee9dba10a3bfb79b655e96c6df237238a3234c75869b/msgpack-1.2.2.tar.gz", hash = "sha256:9eb0b0e602064527a045ea28c4f174ed69383587e29cebe28947e3b84106eb2a", size = 187025, upload-time = "2026-08-27T10:03:47.793Z" }
wheels = [
    { url = "https://files.pythonhosted.org/packages/5e/50/3e92c403346652cabd08cb8faceef847bae917ea3b3c81b64a5b6d09ed41/msgpack-1.2.2-cp314-cp314-macosx_10_15_x86_64.whl", hash = "sha256:e497ee34e8a3342bbde51b27c22d8db05a651df3361dd3daef5b3ab0d66f3e04", size = 84315, upload-time = "2026-08-27T10:02:41.181Z" },
    { url = "https://files.pythonhosted.org/packages/b6/dc/8efe6dd96a12ab043930cb4cffb40b6e7f061491d6ec7a3d2b75ef1fda42/msgpack-1.2.2-cp314-cp314-macosx_11_0_arm64.whl", hash = "sha256:0dd9173c5ebaf5ecc5ca86e7ae1db92934e1d57b856f3dd90698941431f4fd77", size = 84634, upload-time = "2026-08-27T10:02:42.621Z" },
    { url = "https://files.pythonhosted.org/packages/1b/89/996573095bf7b038c04dd65ddbc4f1a4d381b0f7a44ff9186f3c7b8325c2/msgpack-1.2.2-cp314-cp314-manylinux2014_aarch64.manylinux_2_17_aarch64.manylinux_2_28_aarch64.whl", hash = "sha256:8dc4487097571f7311188c3eca2a3e86cd1f1db4c37c7a017bcc3fd38486cbfe", size = 404194, upload-time = "2026-08-27T10:02:44.096Z" },
    { url = "https://files.pythonhosted.org/packages/b6/4e/46f5a5d949dbd054dab60cb15aac7ac6ae6774c134532893414689bf2f53/msgpack-1.2.2-cp314-cp314-manylinux2014_x86_64.manylinux_2_17_x86_64.manylinux_2_28_x86_64.whl", hash = "sha256:73b0e05c32c3cfc3cd84994908e57430c0ebc6813abf905d3f18ff115d54df3f", size = 412343, upload-time = "2026-08-27T10:02:45.747Z" },
    { url = "https://files.pythonhosted.org/packages/da/e8/739a94197358a313307e6e9e7d8d22ef66add39222de911a44161aa96920/msgpack-1.2.2-cp314-cp314-manylinux_2_31_riscv64.manylinux_2_39_riscv64.whl", hash = "sha256:aa1120c653b76d8eafa50423b5eba06b5c9737f8692c74fa3afe03e84b8978ea", size = 372620, upload-time = "2026-08-27T10:02:47.578Z" },
    { url = "https://files.pythonhosted.org/packages/03/d4/09b92e1fcdccea9466bfae45455367ac52362ae445d96a602e51b7a8df73/msgpack-1.2.2-cp314-cp314-musllinux_1_2_aarch64.whl", hash = "sha256:ccfd880988f8438d1c91c77d7edc58e70f4d2012e999167bc154c64c6f06ea6b", size = 394603, upload-time = "2026-08-27T10:02:49.172Z" },
    { url = "https://files.pythonhosted.org/packages/47/db/d11bd6f258a60703dcdc7a3772818ad0c2f602ee4c2acfb24088c6c3ebc3/msgpack-1.2.2-cp314-cp314-musllinux_1_2_riscv64.whl", hash = "sha256:6195257a107bf25872ef84aab7295078271eea3ac6413f0506b631f6c9586ed5", size = 372666, upload-time = "2026-08-27T10:02:50.886Z" },
    { url = "https://files.pythonhosted.org/packages/71/cf/fbbbac0c6e5fbb9d51abc23e3b5fe8620f5c01e0588797cf664a623bb9e1/msgpack-1.2.2-cp314-cp314-musllinux_1_2_x86_64.whl", hash = "sha256:b8dd6c71d20c28d2d0eb0c51e7cccf3584afde3b1364f6629596186c9025bd54", size = 410889, upload-time = "2026-08-27T10:02:52.51Z" },
    { url = "https://files.pythonhosted.org/packages/94/60/8366558da954095e04e7fbc351f9387d87a682feaee9a235ceda966f794b/msgpack-1.2.2-cp314-cp314-win32.whl", hash = "sha256:d242f3c4ccf55b056e6cf901720dccde58f1df117898f2bbf3bcd6e38ec7c248", size = 66774, upload-time = "2026-08-27T10:02:53.984Z" },
    { url = "https://files.pythonhosted.org/packages/4b/3d/1ce873c8057c65e4fbb076ffe1c99c9ae39d90a00a2540d7b06c652a292f/msgpack-1.2.2-cp314-cp314-win_amd64.whl", hash = "sha256:1510f24612d4b983dff6935d9273e02c320cfd525727fbcb58836a75f589fdbc", size = 73424, upload-time = "2026-08-27T10:02:55.277Z" },
    { url = "https://files.pythonhosted.org/packages/d5/55/e36f2a33e38657f33850d74e0bf256838a0d45802c298cc501a32bffcc08/msgpack-1.2.2-cp314-cp314-win_arm64.whl", hash = "sha256:7826f16edc763e768404f55605ef85dfcf5857e729c1ed29e0d7c180be4fe6d8", size = 67657, upload-time = "2026-08-27T10:02:56.493Z" },
    { url = "https://files.pythonhosted.org/packages/64/58/7e764b957bae80ae281a9cb28761068c8bae8d5c6ac0873e43cc69d176c7/msgpack-1.2.2-cp314-cp314t-macosx_10_15_x86_64.whl", hash = "sha256:f466049b8e1ec0854287bbe9a074316826fe0e08dcf707245f98b1ae49e92650", size = 86594, upload-time = "2026-08-27T10:02:57.796Z" },
    { url = "https://files.pythonhosted.org/packages/ae/f0/250f5985b6ee533e60d357571a808aaae03c54118294dc3db7158e27feb1/msgpack-1.2.2-cp314-cp314t-macosx_11_0_arm64.whl", hash = "sha256:1f6b6f8deb07d49090e1808c6ef9cb7d23ca17bef3aa6ed3e5e03df16606e60c", size = 87374, upload-time = "2026-08-27T10:02:59.256Z" },
    { url = "https://files.pythonhosted.org/packages/bd/2c/126ec8f187877c5f688631c543d1d3a3d75b2e66b83fb9de3ed7c13a39b6/msgpack-1.2.2-cp314-cp314t-manylinux2014_aarch64.manylinux_2_17_aarch64.manylinux_2_28_aarch64.whl", hash = "sha256:b542ffc0a5c531eedc40419f291f1bd659aa8d4223408a5b51c88a2796083fd3", size = 428157, upload-time = "2026-08-27T10:03:00.9Z" },
    { url = "https://files.pythonhosted.org/packages/95/21/d2d81d50aaedb14147d01f22094185794db3ad8a8791b60afacba0627c89/msgpack-1.2.2-cp314-cp314t-manylinux2014_x86_64.manylinux_2_17_x86_64.manylinux_2_28_x86_64.whl", hash = "sha256:7d095df2627e5dd59ac7b0c5ad627a671c76e6020171e03cbe4621a61f0562c3", size = 426669, upload-time = "2026-08-27T10:03:02.457Z" },
    { url = "https://files.pythonhosted.org/packages/c6/fc/f7d484ee5b572719608e7ffad569bea22ff11309a96ca2fae85eec94226b/msgpack-1.2.2-cp314-cp314t-manylinux_2_31_riscv64.manylinux_2_39_riscv64.whl", hash = "sha256:ffdd2f4950daf7815490f23087963e3420175b9609520b7ff5df64d351159c22", size = 380625, upload-time = "2026-08-27T10:03:04.244Z" },
    { url = "https://files.pythonhosted.org/packages/0a/c4/b924cbd5516676f4e612329f18602a833bd055ffbe27f808eeba0f01bfea/msgpack-1.2.2-cp314-cp314t-musllinux_1_2_aarch64.whl", hash = "sha256:652d1bf13d01bac8fd569def0fe76745e55bcda01e30aa6332d5947ea3788839", size = 411328, upload-time = "2026-08-27T10:03:05.869Z" },
    { url = "https://files.pythonhosted.org/packages/27/9d/0c1d9683a951a80f270c3b7dac1022c18b9307617344dd44d904135d5e12/msgpack-1.2.2-cp314-cp314t-musllinux_1_2_riscv64.whl", hash = "sha256:9bf452ff4d4981f25a18e9476e002bcc9263e7928024aa4d7148e25f7be3f929", size = 377892, upload-time = "2026-08-27T10:03:07.37Z" },
    { url = "https://files.pythonhosted.org/packages/06/bb/bf22338cdd22e0b40c8f28468cea5f3d9c320244c095d8303364bc012c41/msgpack-1.2.2-cp314-cp314t-musllinux_1_2_x86_64.whl", hash = "sha256:55faa6f8395e23b848c535ad5dcb96b3462f37f5e7f4ac500d500434f7345da7", size = 419426, upload-time = "2026-08-27T10:03:09Z" },
    { url = "https://files.pythonhosted.org/packages/7d/42/6d02c19a01abd8d7ce817c321d2ee6af1a8e24d584dca619d1b6576a83bf/msgpack-1.2.2-cp314-cp314t-win32.whl", hash = "sha256:419a45c67a5c04213172a14b1864657e014665b77d7081b107a51707923dd39e", size = 71810, upload-time = "2026-08-27T10:03:10.498Z" },
    { url = "https://files.pythonhosted.org/packages/af/df/fda3a204415dab0a8c0db5461ef7205416ea52bd8581c5cafd361be07f3b/msgpack-1.2.2-cp314-cp314t-win_amd64.whl", hash = "sha256:935b1cfad9b908b0fa845010f4271df4c2f04e1cd26e3f18acd61a45f93c9e36", size = 78919, upload-time = "2026-08-27T10:03:12.016Z" },
    { url = "https://files.pythonhosted.org/packages/63/d4/4b4b0ef25a86deca91feaf7252ca885ba4f2ada40461379120122a04fe96/msgpack-1.2.2-cp314-cp314t-win_arm64.whl", hash = "sha256:11e8c421e117d1c36728b423d0402555cccbf0c6f53e288f0e75b6b12100d70f", size = 71925, upload-time = "2026-08-27T10:03:13.332Z" },
]

[[package]]
name = "oauthlib"
version = "3.3.1"
source = { registry = "https://pypi.org/simple" }
sdist = { url = "https://files.pythonhosted.org/packages/0b/5f/19930f824ffeb0ad4372da4812c50edbd1434f678c90c2733e1188edfc63/oauthlib-3.3.1.tar.gz", hash = "sha256:0f0f8aa759826a193cf66c12ea1af1637f87b9b4622d46e866952bb022e538c9", size = 185918, upload-time = "2025-06-19T22:48:08.269Z" }
wheels = [
    { url = "https://files.pythonhosted.org/packages/be/9c/92789c596b8df838baa98fa71844d84283302f7604ed565dafe5a6b5041a/oauthlib-3.3.1-py3-none-any.whl", hash = "sha256:88119c938d2b8fb88561af5f6ee0eec8cc8d552b7bb1f712743136eb7523b7a1", size = 160065, upload-time = "2025-06-19T22:48:06.508Z" },
]

[[package]]
name = "packaging"
version = "26.3"
source = { registry = "https://pypi.org/simple" }
sdist = { url = "https://files.pythonhosted.org/packages/7d/fa/3944b40b07da9ce895c0e6303a5ab7d53da063554f534556b134a54d6093/packaging-26.3.tar.gz", hash = "sha256:94edc256424af38762eb31306eed28beb9f0efc50a8837492c9d6fd6004aed79", size = 313412, upload-time = "2026-08-04T18:15:28.737Z" }
wheels = [
    { url = "https://files.pythonhosted.org/packages/63/34/ba1c580383c9eada3711951fef0795c80b829a078d72188184bcab9dd527/packaging-26.3-py3-none-any.whl", hash = "sha256:d7193f7c8e4e93f444fde0262bf90af30e16fa0ad0ad44cb553c87339b23cd1c", size = 129956, upload-time = "2026-08-04T18:15:27.159Z" },
]

[[package]]
name = "pluggy"
version = "1.6.0"
source = { registry = "https://pypi.org/simple" }
sdist = { url = "https://files.pythonhosted.org/packages/f9/e2/3e91f31a7d2b083fe6ef3fa267035b518369d9511ffab804f839851d2779/pluggy-1.6.0.tar.gz", hash = "sha256:7dcc130b76258d33b90f61b658791dede3486c3e6bfb003ee5c9bfb396dd22f3", size = 69412, upload-time = "2025-05-15T12:30:07.975Z" }
wheels = [
    { url = "https://files.pythonhosted.org/packages/54/20/4d324d65cc6d9205fabedc306948156824eb9f0ee1633355a8f7ec5c66bf/pluggy-1.6.0-py3-none-any.whl", hash = "sha256:e920276dd6813095e9377c0bc5566d94c932c33b27a3e3945d8389c374dd4746", size = 20538, upload-time = "2025-05-15T12:30:06.134Z" },
]

[[package]]
name = "pygments"
version = "2.21.0"
source = { registry = "https://pypi.org/simple" }
sdist = { url = "https://files.pythonhosted.org/packages/49/2e/ced460408999b33da6b31b0021b0f37d329e202d4169aeb164493778f25b/pygments-2.21.0.tar.gz", hash = "sha256:610ca751c9bc2492b38eb9a38a7fbc93edbbb2d7182edaf34e66ae493dee5c8c", size = 5005329, upload-time = "2026-08-17T08:02:48.824Z" }
wheels = [
    { url = "https://files.pythonhosted.org/packages/71/46/17f022dd3e953bf20a04a028a21ec746d942f8d2af30fa0f124fa0e6a684/pygments-2.21.0-py3-none-any.whl", hash = "sha256:2363c69b61c4a97c838da3b130dcd6468f4848992b21a82f2a63ec34377137d9", size = 1250147, upload-time = "2026-08-17T08:02:44.912Z" },
]

[[package]]
name = "pytest"
version = "9.1.1"
source = { registry = "https://pypi.org/simple" }
dependencies = [
    { name = "colorama", marker = "sys_platform == 'win32'" },
    { name = "iniconfig" },
    { name = "packaging" },
    { name = "pluggy" },
    { name = "pygments" },
]
sdist = { url = "https://files.pythonhosted.org/packages/e4/47/b9efed96c114afcfa3c9d3fe98a76a1d14c74a9e266d397cf6eb64be5e01/pytest-9.1.1.tar.gz", hash = "sha256:1088fbde8f2b49d95a549a195707afa7a76a3ce9bcadc26b6d71f0ffda5fe313", size = 1636369, upload-time = "2026-06-19T10:58:32.857Z" }
wheels = [
    { url = "https://files.pythonhosted.org/packages/24/25/1de2678b631f5a49215c6c96fff41ba892b0a34df68d6d80292b1b48aa7f/pytest-9.1.1-py3-none-any.whl", hash = "sha256:37a86b45efb9a47a61a36449063e8e18d0cab3161329fc099eb21783169c4f0c", size = 386536, upload-time = "2026-06-19T10:58:31.347Z" },
]

[[package]]
name = "repath"
version = "0.9.0"
source = { registry = "https://pypi.org/simple" }
dependencies = [
    { name = "six" },
]
sdist = { url = "https://files.pythonhosted.org/packages/65/e1/824989291d0f01886074fdf9504ba54598f5665bc4dd373b589b87e76608/repath-0.9.0.tar.gz", hash = "sha256:8292139bac6a0e43fd9d70605d4e8daeb25d46672e484ed31a24c7ce0aef0fb7", size = 5492, upload-time = "2019-10-08T00:25:22.3Z" }
wheels = [
    { url = "https://files.pythonhosted.org/packages/87/ed/92e9b8a3ffc562f21df14ef2538f54e911df29730e1f0d79130a4edc86e7/repath-0.9.0-py3-none-any.whl", hash = "sha256:ee079d6c91faeb843274d22d8f786094ee01316ecfe293a1eb6546312bb6a318", size = 4738, upload-time = "2019-10-08T00:25:20.842Z" },
]

[[package]]
name = "sistemashn"
version = "0.1.0"
source = { editable = "." }
dependencies = [
    { name = "alembic" },
    { name = "flet" },
    { name = "sqlalchemy" },
]

[package.optional-dependencies]
dev = [
    { name = "pytest" },
]

[package.metadata]
requires-dist = [
    { name = "alembic", specifier = ">=1.15,<2" },
    { name = "flet", specifier = ">=1.0,<2" },
    { name = "pytest", marker = "extra == 'dev'", specifier = ">=8,<10" },
    { name = "sqlalchemy", specifier = ">=2.0,<3" },
]
provides-extras = ["dev"]

[[package]]
name = "six"
version = "1.17.0"
source = { registry = "https://pypi.org/simple" }
sdist = { url = "https://files.pythonhosted.org/packages/94/e7/b2c673351809dca68a0e064b6af791aa332cf192da575fd474ed7d6f16a2/six-1.17.0.tar.gz", hash = "sha256:ff70335d468e7eb6ec65b95b99d3a2836546063f63acc5171de367e834932a81", size = 34031, upload-time = "2024-12-04T17:35:28.174Z" }
wheels = [
    { url = "https://files.pythonhosted.org/packages/b7/ce/149a00dd41f10bc29e5921b496af8b574d8413afcd5e30dfa0ed46c2cc5e/six-1.17.0-py2.py3-none-any.whl", hash = "sha256:4721f391ed90541fddacab5acf947aa0d3dc7d27b2e1e8eda2be8970586c3274", size = 11050, upload-time = "2024-12-04T17:35:26.475Z" },
]

[[package]]
name = "sqlalchemy"
version = "2.1.1"
source = { registry = "https://pypi.org/simple" }
dependencies = [
    { name = "typing-extensions" },
]
sdist = { url = "https://files.pythonhosted.org/packages/a8/cb/7c68da82239ffae9378eca076afe14c310e17a4f01e3d315112f266e26c7/sqlalchemy-2.1.1.tar.gz", hash = "sha256:fcf3cbb33bb23bad75d2150157c21804618745731e9931ab27e61879a9f6123b", size = 10503203, upload-time = "2026-09-25T14:59:00.117Z" }
wheels = [
    { url = "https://files.pythonhosted.org/packages/19/6e/3739dc61a0bd20db049f1b220cf380d55cc6c6e6e80a9cab382b3fe2d826/sqlalchemy-2.1.1-cp314-cp314-macosx_11_0_arm64.whl", hash = "sha256:597e1edf9cbe6ce63974813000c02c7a44da3d21f1da47f07174732ba188e8ae", size = 2455544, upload-time = "2026-09-25T15:12:50.464Z" },
    { url = "https://files.pythonhosted.org/packages/51/9b/29879ca69033f466da33486d6fb238ce1f4465e15529959e5bd3a47a8f8d/sqlalchemy-2.1.1-cp314-cp314-manylinux2014_aarch64.manylinux_2_17_aarch64.manylinux_2_28_aarch64.whl", hash = "sha256:e37b1fe2e080bf47f3b693dfbec9aa39d3c3d52bfac3b4fef290a449570bcf3f", size = 4571544, upload-time = "2026-09-25T15:19:00.881Z" },
    { url = "https://files.pythonhosted.org/packages/41/0f/6db5347662a9ed83509a5236e64afc15285947ed4dd71e618912bde83445/sqlalchemy-2.1.1-cp314-cp314-manylinux2014_x86_64.manylinux_2_17_x86_64.manylinux_2_28_x86_64.whl", hash = "sha256:18148691d761ef20a92cfc7dced305834e2c6ab4f4f3648f66f5d4028e234089", size = 4601803, upload-time = "2026-09-25T15:19:55.751Z" },
    { url = "https://files.pythonhosted.org/packages/77/e4/073eecd01e8a1bb5b90638c15f06b86c897518ef96d70118a70ab37bb673/sqlalchemy-2.1.1-cp314-cp314-manylinux_2_31_riscv64.manylinux_2_39_riscv64.whl", hash = "sha256:44dff425e7d88b04497b4317478a6af2a694327a087e6f1670a4266180838269", size = 4295583, upload-time = "2026-09-25T16:17:56.955Z" },
    { url = "https://files.pythonhosted.org/packages/25/71/c4e261d50297457c2496bb39b03f2a2ea0578a298defe4edc5ef514d4423/sqlalchemy-2.1.1-cp314-cp314-musllinux_1_2_aarch64.whl", hash = "sha256:6a261e2244fa88e6eded95a078550c0584da55db22d49b0b2db8c075788282fb", size = 4501686, upload-time = "2026-09-25T15:19:02.804Z" },
    { url = "https://files.pythonhosted.org/packages/7c/85/9ec520ba12027bfdbcaa3e6633e977d1984dca5739ab73bc6c9f16cb4900/sqlalchemy-2.1.1-cp314-cp314-musllinux_1_2_riscv64.whl", hash = "sha256:4789593e8979d7c946da1985a560200b6ef6c3dc6dcc5442985d62c6f2908875", size = 4296847, upload-time = "2026-09-25T16:17:59.584Z" },
    { url = "https://files.pythonhosted.org/packages/dd/65/877c7f19fe976dffbffc579148d842bb99665e520af83d28b287a162f843/sqlalchemy-2.1.1-cp314-cp314-musllinux_1_2_x86_64.whl", hash = "sha256:1477f2f1f531697753a729dd8f3e4e98f7019086f001fdc4d50350c929871c8c", size = 4560888, upload-time = "2026-09-25T15:19:57.887Z" },
    { url = "https://files.pythonhosted.org/packages/0c/f3/feb8b0803a6a2d095f4330cdc598aacef46cfb1ab6e83f4b396c6f5b89cb/sqlalchemy-2.1.1-cp314-cp314-win32.whl", hash = "sha256:1ef7bc38d140b3cf08cc6e8823b8e76da2e188b5594997e2c16586c9778af472", size = 2373288, upload-time = "2026-09-25T15:20:32.159Z" },
    { url = "https://files.pythonhosted.org/packages/be/b6/eef7d11752b5b52ad3fecfe03fabf7324e676bf1db5a22788cbcb3ba69c6/sqlalchemy-2.1.1-cp314-cp314-win_amd64.whl", hash = "sha256:73b0f7cb41a3df79dc0427377a9e2a099eb15995a327120d651f21309faa662a", size = 2423714, upload-time = "2026-09-25T15:20:34.012Z" },
    { url = "https://files.pythonhosted.org/packages/22/a0/6ce78eaac3a3197847a1d184a24633869cc343b0885f9207aa605e916bf5/sqlalchemy-2.1.1-cp314-cp314-win_arm64.whl", hash = "sha256:a0421f9eedad616b04a097ae3f155c5a0a31380364369861fd6e0f46074c3fce", size = 2388489, upload-time = "2026-09-25T15:25:20.78Z" },
    { url = "https://files.pythonhosted.org/packages/b1/56/db8f82c576dbe4f52db82e0e430debca0a6398fd0bf6a45bde11e7feb126/sqlalchemy-2.1.1-cp314-cp314t-macosx_11_0_arm64.whl", hash = "sha256:2f0bb0502de28baed425278d4bd98658d8256419fd9ad6ca964138710f933aa0", size = 2494990, upload-time = "2026-09-25T15:27:27.737Z" },
    { url = "https://files.pythonhosted.org/packages/d8/e0/cbadd9f851fa376c619f97adb4abd4b0c9d727841e988c4283dc45007c1f/sqlalchemy-2.1.1-cp314-cp314t-manylinux2014_aarch64.manylinux_2_17_aarch64.manylinux_2_28_aarch64.whl", hash = "sha256:e20233c7d000c006a03f3734d8e7a6e63aa878fcd3482c1f412c864a0992e5a0", size = 4899710, upload-time = "2026-09-25T15:28:30.224Z" },
    { url = "https://files.pythonhosted.org/packages/e2/5f/8cb1a5c751161cdac50355b2c91617e2a872c237922a54b47ce014f11dd3/sqlalchemy-2.1.1-cp314-cp314t-manylinux2014_x86_64.manylinux_2_17_x86_64.manylinux_2_28_x86_64.whl", hash = "sha256:8b0660ded5f9c090f9bf49fba78d52843ff3ca8c10f71624811f42f11655762d", size = 4810110, upload-time = "2026-09-25T15:49:02.468Z" },
    { url = "https://files.pythonhosted.org/packages/6b/4f/a4329f5a006b6cd2e8836b160d179c522c0cd7edfd494971a6d5a504f33e/sqlalchemy-2.1.1-cp314-cp314t-manylinux_2_31_riscv64.manylinux_2_39_riscv64.whl", hash = "sha256:63c0291bf0f721543db3719c71f2d5ad6649f12abbcbc8324d42805dac112cbc", size = 4490328, upload-time = "2026-09-25T17:35:02.971Z" },
    { url = "https://files.pythonhosted.org/packages/4c/40/7bfd8136b8038bc1ffad70f283bd51aa93e43808ea522dac5a99be7b26b3/sqlalchemy-2.1.1-cp314-cp314t-musllinux_1_2_aarch64.whl", hash = "sha256:092a743f28f3a660321e9b093144b6a5b16f08dbb9b2f52466b47a2a128475c2", size = 4757854, upload-time = "2026-09-25T15:28:32.778Z" },
    { url = "https://files.pythonhosted.org/packages/ab/4b/a25d5f0e8493fa8ad2334a7100479302cd1928f788c6200faa952b47ee27/sqlalchemy-2.1.1-cp314-cp314t-musllinux_1_2_riscv64.whl", hash = "sha256:fdef70d59afce463bedef54580ba6a832f9f2313c1d0054e15cbb4ff46f37a97", size = 4490016, upload-time = "2026-09-25T17:35:05.664Z" },
    { url = "https://files.pythonhosted.org/packages/20/74/075ae28f89ba586a2229dc746aa8b4e5b0b2595f228c96bacadf66940bf4/sqlalchemy-2.1.1-cp314-cp314t-musllinux_1_2_x86_64.whl", hash = "sha256:0f94929be35def6580cf161f20c71930d9364d62f7040b6aed02b13fd3ca09e6", size = 4748267, upload-time = "2026-09-25T15:49:05.376Z" },
    { url = "https://files.pythonhosted.org/packages/57/fd/744a9e6d2788d1d4a077ed711d06cf503762ee8a614f887e284f0869beba/sqlalchemy-2.1.1-cp314-cp314t-win32.whl", hash = "sha256:dabf6a73f2cc1fa2155b29f2a8a85afd82d8613262e6054cc3c932f5dee5d474", size = 2431659, upload-time = "2026-09-25T15:25:37.802Z" },
    { url = "https://files.pythonhosted.org/packages/c7/11/f4a73cb472cf1401ba3f47b02eed7983a0545f0347582afd469d5da2f324/sqlalchemy-2.1.1-cp314-cp314t-win_amd64.whl", hash = "sha256:3353333f8c25fc5e0661f54630238a17b0d6600305e224400cd4642cce4af34f", size = 2499109, upload-time = "2026-09-25T15:25:39.706Z" },
    { url = "https://files.pythonhosted.org/packages/ee/54/21ceb7c4ad51255be2333aa4fb32c973d35fa28b26f9895c6d66767aff4d/sqlalchemy-2.1.1-cp314-cp314t-win_arm64.whl", hash = "sha256:7f15820c84b2377bcf02cf754232690ac2ad90d425978bf1e5ba30cc04f94d55", size = 2417171, upload-time = "2026-09-25T15:20:58.386Z" },
    { url = "https://files.pythonhosted.org/packages/c5/7a/7d1879d78c086737acee5f3250cbff9d285e5bd7cb6bc2c730f24e8d400e/sqlalchemy-2.1.1-py3-none-any.whl", hash = "sha256:4357c1a222e141662251a59d3702f9b124294941171dfa6bd570513e9f4905ee", size = 2047471, upload-time = "2026-09-25T15:20:37.797Z" },
]

[[package]]
name = "typing-extensions"
version = "4.16.0"
source = { registry = "https://pypi.org/simple" }
sdist = { url = "https://files.pythonhosted.org/packages/f6/cc/6253133b5bb138fc3306cebfbda2c520f545d36b5be2c7255cc528bb45d6/typing_extensions-4.16.0.tar.gz", hash = "sha256:dc983d19a509c94dba722ee6abd33940f7c05a89e243c47e907eb4db6f1a43e5", size = 113555, upload-time = "2026-07-02T08:40:05.92Z" }
wheels = [
    { url = "https://files.pythonhosted.org/packages/49/d3/b8441a820a491ddfc024b0b0cf0393375b75ea13866d9c66727e54c2fc80/typing_extensions-4.16.0-py3-none-any.whl", hash = "sha256:481caa481374e813c1b176ada14e97f1f67a4539ce9cfeb3f350d78d6370c2e8", size = 45571, upload-time = "2026-07-02T08:40:04.659Z" },
]
